{
  "name": "@carto/toolkit-viz",
  "version": "0.0.1-rc.17",
  "lockfileVersion": 1,
  "requires": true,
  "dependencies": {
    "@babel/runtime": {
      "version": "7.9.2",
      "resolved": "https://registry.npmjs.org/@babel/runtime/-/runtime-7.9.2.tgz",
      "integrity": "sha512-NE2DtOdufG7R5vnfQUTehdTfNycfUANEtCa9PssN9O/xmTzP4E08UI797ixaei6hBEVL9BI/PsdJS5x7mWoB9Q==",
      "requires": {
        "regenerator-runtime": "^0.13.4"
      }
    },
    "@carto/toolkit-core": {
      "version": "0.0.1-rc.17"
    },
    "@carto/toolkit-maps": {
      "version": "0.0.1-rc.17",
      "requires": {
        "@carto/toolkit-core": "^0.0.1-rc.17"
      },
      "dependencies": {
        "@carto/toolkit-core": {
          "version": "0.0.1-rc.17"
        }
      }
    },
    "@loaders.gl/core": {
      "version": "2.1.2",
      "resolved": "https://registry.npmjs.org/@loaders.gl/core/-/core-2.1.2.tgz",
      "integrity": "sha512-3OWOOYk80LnUlhnFS3XEivKJnbB2AJH14BPCEighkCdkkQXFK0TWzQuk1uSCyd2P8fae1MRU1G7j0Bat4gWDxQ==",
      "requires": {
        "@babel/runtime": "^7.3.1",
        "@loaders.gl/loader-utils": "2.1.2"
      }
    },
    "@loaders.gl/loader-utils": {
      "version": "2.1.2",
      "resolved": "https://registry.npmjs.org/@loaders.gl/loader-utils/-/loader-utils-2.1.2.tgz",
      "integrity": "sha512-JfhNkvP1SdDBNKT0FeuK/ZlYWeDZJoY0lgWQlYvOY9F4Uc+Lhxwl1nDvUJUYZa2PKgPgTmYP++pGOzSaR1hnoQ==",
      "requires": {
        "@babel/runtime": "^7.3.1",
        "@probe.gl/stats": "^3.2.1"
      }
    },
    "@loaders.gl/mvt": {
      "version": "2.1.2",
      "resolved": "https://registry.npmjs.org/@loaders.gl/mvt/-/mvt-2.1.2.tgz",
      "integrity": "sha512-NoX+H2ifqoIVrtcvcGKbj31joJSyp+l2tAyJQdk02ZIKXT1OJC6r+vcbjIdzEWPW5xStbE+h0uDeVnaV3dqzFw==",
      "requires": {
        "@loaders.gl/loader-utils": "2.1.2",
        "@mapbox/vector-tile": "^1.3.1",
        "pbf": "^3.2.1"
      },
      "dependencies": {
        "@mapbox/vector-tile": {
          "version": "1.3.1",
          "resolved": "https://registry.npmjs.org/@mapbox/vector-tile/-/vector-tile-1.3.1.tgz",
          "integrity": "sha512-MCEddb8u44/xfQ3oD+Srl/tNcQoqTw3goGk2oLsrFxOTc3dUp+kAnby3PvAeeBYSMSjSPD1nd1AJA6W49WnoUw==",
          "requires": {
            "@mapbox/point-geometry": "~0.1.0"
          }
        },
        "pbf": {
          "version": "3.2.1",
          "resolved": "https://registry.npmjs.org/pbf/-/pbf-3.2.1.tgz",
          "integrity": "sha512-ClrV7pNOn7rtmoQVF4TS1vyU0WhYRnP92fzbfF75jAIwpnzdJXf8iTd4CMEqO4yUenH6NDqLiwjqlh6QgZzgLQ==",
          "requires": {
            "ieee754": "^1.1.12",
            "resolve-protobuf-schema": "^2.1.0"
          }
        }
      }
    },
    "@mapbox/point-geometry": {
      "version": "0.1.0",
      "resolved": "https://registry.npmjs.org/@mapbox/point-geometry/-/point-geometry-0.1.0.tgz",
      "integrity": "sha1-ioP5M1x4YO/6Lu7KJUMyqgru2PI="
    },
    "@probe.gl/stats": {
      "version": "3.2.1",
      "resolved": "https://registry.npmjs.org/@probe.gl/stats/-/stats-3.2.1.tgz",
      "integrity": "sha512-tXe5krgbodxtVdUVWG4oIicMoCHNGp7QYkaHSDrUeTfJVqYuZz99T6r7qmn0bCo4wQlzn936jJ+QiAltHxatig==",
      "requires": {
        "@babel/runtime": "^7.0.0"
      }
    },
    "@types/geojson": {
      "version": "7946.0.7",
      "resolved": "https://registry.npmjs.org/@types/geojson/-/geojson-7946.0.7.tgz",
      "integrity": "sha512-wE2v81i4C4Ol09RtsWFAqg3BUitWbHSpSlIo+bNdsCJijO9sjme+zm+73ZMCa/qMC8UEERxzGbvmr1cffo2SiQ=="
    },
    "ieee754": {
      "version": "1.1.13",
      "resolved": "https://registry.npmjs.org/ieee754/-/ieee754-1.1.13.tgz",
      "integrity": "sha512-4vf7I2LYV/HaWerSo3XmlMkp5eZ83i+/CDluXi/IGTs/O1sejBNhTtnxzmRZfvOUqj7lZjqHkeTvpgSFDlWZTg=="
    },
    "protocol-buffers-schema": {
      "version": "3.4.0",
      "resolved": "https://registry.npmjs.org/protocol-buffers-schema/-/protocol-buffers-schema-3.4.0.tgz",
      "integrity": "sha512-G/2kcamPF2S49W5yaMGdIpkG6+5wZF0fzBteLKgEHjbNzqjZQ85aAs1iJGto31EJaSTkNvHs5IXuHSaTLWBAiA=="
    },
    "regenerator-runtime": {
      "version": "0.13.5",
      "resolved": "https://registry.npmjs.org/regenerator-runtime/-/regenerator-runtime-0.13.5.tgz",
      "integrity": "sha512-ZS5w8CpKFinUzOwW3c83oPeVXoNsrLsaCoLtJvAClH135j/R77RuymhiSErhm2lKcwSCIpmvIWSbDkIfAqKQlA=="
    },
    "resolve-protobuf-schema": {
      "version": "2.1.0",
      "resolved": "https://registry.npmjs.org/resolve-protobuf-schema/-/resolve-protobuf-schema-2.1.0.tgz",
      "integrity": "sha512-kI5ffTiZWmJaS/huM8wZfEMer1eRd7oJQhDuxeCLe3t7N7mX3z94CN0xPxBQxFYQTSNz9T0i+v6inKqSdK8xrQ==",
      "requires": {
        "protocol-buffers-schema": "^3.3.1"
      }
    }
  }
}
