{
  "name": "@carto/toolkit-viz",
  "version": "0.0.1-rc.17",
  "lockfileVersion": 1,
  "requires": true,
  "dependencies": {
    "@carto/toolkit-core": {
      "version": "0.0.1-rc.17"
    },
    "@carto/toolkit-maps": {
      "version": "0.0.1-rc.17",
      "requires": {
        "@carto/toolkit-core": "^0.0.1-rc.17"
      },
      "dependencies": {
        "@carto/toolkit-core": {
          "version": "0.0.1-rc.17"
        }
      }
    },
    "@types/googlemaps": {
      "version": "3.39.3",
      "resolved": "https://registry.npmjs.org/@types/googlemaps/-/googlemaps-3.39.3.tgz",
      "integrity": "sha512-L8O9HAVFZj0TuiS8h5ORthiMsrrhjxTC8XUusp5k47oXCst4VTm+qWKvrAvmYMybZVokbp4Udco1mNwJrTNZPQ=="
    }
  }
}
